// !$*UTF8*$!
{
	archiveVersion = 1;
	classes = {
	};
	objectVersion = 77;
	objects = {

/* Begin PBXBuildFile section */
		FB843EE72CE2A7AF009DF6E5 /* FirebaseAnalytics in Frameworks */ = {isa = PBXBuildFile; productRef = FB843EE62CE2A7AF009DF6E5 /* FirebaseAnalytics */; };
		FB843EE92CE2A7AF009DF6E5 /* FirebaseCore in Frameworks */ = {isa = PBXBuildFile; productRef = FB843EE82CE2A7AF009DF6E5 /* FirebaseCore */; };
		FB843EEB2CE2A7AF009DF6E5 /* FirebaseInAppMessaging-Beta in Frameworks */ = {isa = PBXBuildFile; productRef = FB843EEA2CE2A7AF009DF6E5 /* FirebaseInAppMessaging-Beta */; };
		FB843EED2CE2A7AF009DF6E5 /* FirebasePerformance in Frameworks */ = {isa = PBXBuildFile; productRef = FB843EEC2CE2A7AF009DF6E5 /* FirebasePerformance */; };
		FB8A583A2CE1E00E00DDD32E /* FirebaseAuth in Frameworks */ = {isa = PBXBuildFile; productRef = FB8A58392CE1E00E00DDD32E /* FirebaseAuth */; };
		FB8A583C2CE1E00E00DDD32E /* FirebaseDatabase in Frameworks */ = {isa = PBXBuildFile; productRef = FB8A583B2CE1E00E00DDD32E /* FirebaseDatabase */; };
		FB8A583E2CE1E00E00DDD32E /* FirebaseFirestore in Frameworks */ = {isa = PBXBuildFile; productRef = FB8A583D2CE1E00E00DDD32E /* FirebaseFirestore */; };
		FB8A58402CE1E00E00DDD32E /* FirebaseMessaging in Frameworks */ = {isa = PBXBuildFile; productRef = FB8A583F2CE1E00E00DDD32E /* FirebaseMessaging */; };
		FB8A58422CE1E00E00DDD32E /* FirebaseStorage in Frameworks */ = {isa = PBXBuildFile; productRef = FB8A58412CE1E00E00DDD32E /* FirebaseStorage */; };
		FBB24E982CE31E6B002DC473 /* FirebaseAppCheck in Frameworks */ = {isa = PBXBuildFile; productRef = FBB24E972CE31E6B002DC473 /* FirebaseAppCheck */; };
		FBB24E9A2CE31E6B002DC473 /* FirebaseFunctions in Frameworks */ = {isa = PBXBuildFile; productRef = FBB24E992CE31E6B002DC473 /* FirebaseFunctions */; };
		FBB24E9C2CE31E6B002DC473 /* FirebaseInstallations in Frameworks */ = {isa = PBXBuildFile; productRef = FBB24E9B2CE31E6B002DC473 /* FirebaseInstallations */; };
/* End PBXBuildFile section */

/* Begin PBXContainerItemProxy section */
		FBF8462C2CD133BE00262876 /* PBXContainerItemProxy */ = {
			isa = PBXContainerItemProxy;
			containerPortal = FBF846132CD133BC00262876 /* Project object */;
			proxyType = 1;
			remoteGlobalIDString = FBF8461A2CD133BC00262876;
			remoteInfo = FitMe;
		};
		FBF846362CD133BE00262876 /* PBXContainerItemProxy */ = {
			isa = PBXContainerItemProxy;
			containerPortal = FBF846132CD133BC00262876 /* Project object */;
			proxyType = 1;
			remoteGlobalIDString = FBF8461A2CD133BC00262876;
			remoteInfo = FitMe;
		};
/* End PBXContainerItemProxy section */

/* Begin PBXFileReference section */
		FBF8461B2CD133BC00262876 /* FitMe.app */ = {isa = PBXFileReference; explicitFileType = wrapper.application; includeInIndex = 0; path = FitMe.app; sourceTree = BUILT_PRODUCTS_DIR; };
		FBF8462B2CD133BE00262876 /* FitMeTests.xctest */ = {isa = PBXFileReference; explicitFileType = wrapper.cfbundle; includeInIndex = 0; path = FitMeTests.xctest; sourceTree = BUILT_PRODUCTS_DIR; };
		FBF846352CD133BE00262876 /* FitMeUITests.xctest */ = {isa = PBXFileReference; explicitFileType = wrapper.cfbundle; includeInIndex = 0; path = FitMeUITests.xctest; sourceTree = BUILT_PRODUCTS_DIR; };
/* End PBXFileReference section */

/* Begin PBXFileSystemSynchronizedBuildFileExceptionSet section */
		FB6A87C82CD3D5DD008DDD6F /* Exceptions for "FitMe" folder in "FitMe" target */ = {
			isa = PBXFileSystemSynchronizedBuildFileExceptionSet;
			membershipExceptions = (
				Info.plist,
			);
			target = FBF8461A2CD133BC00262876 /* FitMe */;
		};
/* End PBXFileSystemSynchronizedBuildFileExceptionSet section */

/* Begin PBXFileSystemSynchronizedRootGroup section */
		FBF8461D2CD133BC00262876 /* FitMe */ = {
			isa = PBXFileSystemSynchronizedRootGroup;
			exceptions = (
				FB6A87C82CD3D5DD008DDD6F /* Exceptions for "FitMe" folder in "FitMe" target */,
			);
			path = FitMe;
			sourceTree = "<group>";
		};
		FBF8462E2CD133BE00262876 /* FitMeTests */ = {
			isa = PBXFileSystemSynchronizedRootGroup;
			path = FitMeTests;
			sourceTree = "<group>";
		};
		FBF846382CD133BE00262876 /* FitMeUITests */ = {
			isa = PBXFileSystemSynchronizedRootGroup;
			path = FitMeUITests;
			sourceTree = "<group>";
		};
/* End PBXFileSystemSynchronizedRootGroup section */

/* Begin PBXFrameworksBuildPhase section */
		FBF846182CD133BC00262876 /* Frameworks */ = {
			isa = PBXFrameworksBuildPhase;
			buildActionMask = 2147483647;
			files = (
				FB8A58402CE1E00E00DDD32E /* FirebaseMessaging in Frameworks */,
				FB8A583C2CE1E00E00DDD32E /* FirebaseDatabase in Frameworks */,
				FB843EED2CE2A7AF009DF6E5 /* FirebasePerformance in Frameworks */,
				FBB24E9C2CE31E6B002DC473 /* FirebaseInstallations in Frameworks */,
				FB843EE72CE2A7AF009DF6E5 /* FirebaseAnalytics in Frameworks */,
				FB843EEB2CE2A7AF009DF6E5 /* FirebaseInAppMessaging-Beta in Frameworks */,
				FB8A583A2CE1E00E00DDD32E /* FirebaseAuth in Frameworks */,
				FB843EE92CE2A7AF009DF6E5 /* FirebaseCore in Frameworks */,
				FB8A58422CE1E00E00DDD32E /* FirebaseStorage in Frameworks */,
				FBB24E982CE31E6B002DC473 /* FirebaseAppCheck in Frameworks */,
				FBB24E9A2CE31E6B002DC473 /* FirebaseFunctions in Frameworks */,
				FB8A583E2CE1E00E00DDD32E /* FirebaseFirestore in Frameworks */,
			);
			runOnlyForDeploymentPostprocessing = 0;
		};
		FBF846282CD133BE00262876 /* Frameworks */ = {
			isa = PBXFrameworksBuildPhase;
			buildActionMask = 2147483647;
			files = (
			);
			runOnlyForDeploymentPostprocessing = 0;
		};
		FBF846322CD133BE00262876 /* Frameworks */ = {
			isa = PBXFrameworksBuildPhase;
			buildActionMask = 2147483647;
			files = (
			);
			runOnlyForDeploymentPostprocessing = 0;
		};
/* End PBXFrameworksBuildPhase section */

/* Begin PBXGroup section */
		FBF846122CD133BC00262876 = {
			isa = PBXGroup;
			children = (
				FBF8461D2CD133BC00262876 /* FitMe */,
				FBF8462E2CD133BE00262876 /* FitMeTests */,
				FBF846382CD133BE00262876 /* FitMeUITests */,
				FBF8461C2CD133BC00262876 /* Products */,
			);
			sourceTree = "<group>";
		};
		FBF8461C2CD133BC00262876 /* Products */ = {
			isa = PBXGroup;
			children = (
				FBF8461B2CD133BC00262876 /* FitMe.app */,
				FBF8462B2CD133BE00262876 /* FitMeTests.xctest */,
				FBF846352CD133BE00262876 /* FitMeUITests.xctest */,
			);
			name = Products;
			sourceTree = "<group>";
		};
/* End PBXGroup section */

/* Begin PBXNativeTarget section */
		FBF8461A2CD133BC00262876 /* FitMe */ = {
			isa = PBXNativeTarget;
			buildConfigurationList = FBF8463F2CD133BE00262876 /* Build configuration list for PBXNativeTarget "FitMe" */;
			buildPhases = (
				FBF846172CD133BC00262876 /* Sources */,
				FBF846182CD133BC00262876 /* Frameworks */,
				FBF846192CD133BC00262876 /* Resources */,
			);
			buildRules = (
			);
			dependencies = (
			);
			fileSystemSynchronizedGroups = (
				FBF8461D2CD133BC00262876 /* FitMe */,
			);
			name = FitMe;
			packageProductDependencies = (
				FB8A58392CE1E00E00DDD32E /* FirebaseAuth */,
				FB8A583B2CE1E00E00DDD32E /* FirebaseDatabase */,
				FB8A583D2CE1E00E00DDD32E /* FirebaseFirestore */,
				FB8A583F2CE1E00E00DDD32E /* FirebaseMessaging */,
				FB8A58412CE1E00E00DDD32E /* FirebaseStorage */,
				FB843EE62CE2A7AF009DF6E5 /* FirebaseAnalytics */,
				FB843EE82CE2A7AF009DF6E5 /* FirebaseCore */,
				FB843EEA2CE2A7AF009DF6E5 /* FirebaseInAppMessaging-Beta */,
				FB843EEC2CE2A7AF009DF6E5 /* FirebasePerformance */,
				FBB24E972CE31E6B002DC473 /* FirebaseAppCheck */,
				FBB24E992CE31E6B002DC473 /* FirebaseFunctions */,
				FBB24E9B2CE31E6B002DC473 /* FirebaseInstallations */,
			);
			productName = FitMe;
			productReference = FBF8461B2CD133BC00262876 /* FitMe.app */;
			productType = "com.apple.product-type.application";
		};
		FBF8462A2CD133BE00262876 /* FitMeTests */ = {
			isa = PBXNativeTarget;
			buildConfigurationList = FBF846422CD133BE00262876 /* Build configuration list for PBXNativeTarget "FitMeTests" */;
			buildPhases = (
				FBF846272CD133BE00262876 /* Sources */,
				FBF846282CD133BE00262876 /* Frameworks */,
				FBF846292CD133BE00262876 /* Resources */,
			);
			buildRules = (
			);
			dependencies = (
				FBF8462D2CD133BE00262876 /* PBXTargetDependency */,
			);
			fileSystemSynchronizedGroups = (
				FBF8462E2CD133BE00262876 /* FitMeTests */,
			);
			name = FitMeTests;
			packageProductDependencies = (
			);
			productName = FitMeTests;
			productReference = FBF8462B2CD133BE00262876 /* FitMeTests.xctest */;
			productType = "com.apple.product-type.bundle.unit-test";
		};
		FBF846342CD133BE00262876 /* FitMeUITests */ = {
			isa = PBXNativeTarget;
			buildConfigurationList = FBF846452CD133BE00262876 /* Build configuration list for PBXNativeTarget "FitMeUITests" */;
			buildPhases = (
				FBF846312CD133BE00262876 /* Sources */,
				FBF846322CD133BE00262876 /* Frameworks */,
				FBF846332CD133BE00262876 /* Resources */,
			);
			buildRules = (
			);
			dependencies = (
				FBF846372CD133BE00262876 /* PBXTargetDependency */,
			);
			fileSystemSynchronizedGroups = (
				FBF846382CD133BE00262876 /* FitMeUITests */,
			);
			name = FitMeUITests;
			packageProductDependencies = (
			);
			productName = FitMeUITests;
			productReference = FBF846352CD133BE00262876 /* FitMeUITests.xctest */;
			productType = "com.apple.product-type.bundle.ui-testing";
		};
/* End PBXNativeTarget section */

/* Begin PBXProject section */
		FBF846132CD133BC00262876 /* Project object */ = {
			isa = PBXProject;
			attributes = {
				BuildIndependentTargetsInParallel = 1;
				LastSwiftUpdateCheck = 1600;
				LastUpgradeCheck = 1600;
				TargetAttributes = {
					FBF8461A2CD133BC00262876 = {
						CreatedOnToolsVersion = 16.0;
					};
					FBF8462A2CD133BE00262876 = {
						CreatedOnToolsVersion = 16.0;
						TestTargetID = FBF8461A2CD133BC00262876;
					};
					FBF846342CD133BE00262876 = {
						CreatedOnToolsVersion = 16.0;
						TestTargetID = FBF8461A2CD133BC00262876;
					};
				};
			};
			buildConfigurationList = FBF846162CD133BC00262876 /* Build configuration list for PBXProject "FitMe" */;
			developmentRegion = en;
			hasScannedForEncodings = 0;
			knownRegions = (
				en,
				Base,
			);
			mainGroup = FBF846122CD133BC00262876;
			minimizedProjectReferenceProxies = 1;
			packageReferences = (
				FB8A58382CE1E00E00DDD32E /* XCRemoteSwiftPackageReference "firebase-ios-sdk" */,
			);
			preferredProjectObjectVersion = 77;
			productRefGroup = FBF8461C2CD133BC00262876 /* Products */;
			projectDirPath = "";
			projectRoot = "";
			targets = (
				FBF8461A2CD133BC00262876 /* FitMe */,
				FBF8462A2CD133BE00262876 /* FitMeTests */,
				FBF846342CD133BE00262876 /* FitMeUITests */,
			);
		};
/* End PBXProject section */

/* Begin PBXResourcesBuildPhase section */
		FBF846192CD133BC00262876 /* Resources */ = {
			isa = PBXResourcesBuildPhase;
			buildActionMask = 2147483647;
			files = (
			);
			runOnlyForDeploymentPostprocessing = 0;
		};
		FBF846292CD133BE00262876 /* Resources */ = {
			isa = PBXResourcesBuildPhase;
			buildActionMask = 2147483647;
			files = (
			);
			runOnlyForDeploymentPostprocessing = 0;
		};
		FBF846332CD133BE00262876 /* Resources */ = {
			isa = PBXResourcesBuildPhase;
			buildActionMask = 2147483647;
			files = (
			);
			runOnlyForDeploymentPostprocessing = 0;
		};
/* End PBXResourcesBuildPhase section */

/* Begin PBXSourcesBuildPhase section */
		FBF846172CD133BC00262876 /* Sources */ = {
			isa = PBXSourcesBuildPhase;
			buildActionMask = 2147483647;
			files = (
			);
			runOnlyForDeploymentPostprocessing = 0;
		};
		FBF846272CD133BE00262876 /* Sources */ = {
			isa = PBXSourcesBuildPhase;
			buildActionMask = 2147483647;
			files = (
			);
			runOnlyForDeploymentPostprocessing = 0;
		};
		FBF846312CD133BE00262876 /* Sources */ = {
			isa = PBXSourcesBuildPhase;
			buildActionMask = 2147483647;
			files = (
			);
			runOnlyForDeploymentPostprocessing = 0;
		};
/* End PBXSourcesBuildPhase section */

/* Begin PBXTargetDependency section */
		FBF8462D2CD133BE00262876 /* PBXTargetDependency */ = {
			isa = PBXTargetDependency;
			target = FBF8461A2CD133BC00262876 /* FitMe */;
			targetProxy = FBF8462C2CD133BE00262876 /* PBXContainerItemProxy */;
		};
		FBF846372CD133BE00262876 /* PBXTargetDependency */ = {
			isa = PBXTargetDependency;
			target = FBF8461A2CD133BC00262876 /* FitMe */;
			targetProxy = FBF846362CD133BE00262876 /* PBXContainerItemProxy */;
		};
/* End PBXTargetDependency section */

/* Begin XCBuildConfiguration section */
		FBF8463D2CD133BE00262876 /* Debug */ = {
			isa = XCBuildConfiguration;
			buildSettings = {
				ALWAYS_SEARCH_USER_PATHS = NO;
				ASSETCATALOG_COMPILER_GENERATE_SWIFT_ASSET_SYMBOL_EXTENSIONS = YES;
				CLANG_ANALYZER_NONNULL = YES;
				CLANG_ANALYZER_NUMBER_OBJECT_CONVERSION = YES_AGGRESSIVE;
				CLANG_CXX_LANGUAGE_STANDARD = "gnu++20";
				CLANG_ENABLE_MODULES = YES;
				CLANG_ENABLE_OBJC_ARC = YES;
				CLANG_ENABLE_OBJC_WEAK = YES;
				CLANG_WARN_BLOCK_CAPTURE_AUTORELEASING = YES;
				CLANG_WARN_BOOL_CONVERSION = YES;
				CLANG_WARN_COMMA = YES;
				CLANG_WARN_CONSTANT_CONVERSION = YES;
				CLANG_WARN_DEPRECATED_OBJC_IMPLEMENTATIONS = YES;
				CLANG_WARN_DIRECT_OBJC_ISA_USAGE = YES_ERROR;
				CLANG_WARN_DOCUMENTATION_COMMENTS = YES;
				CLANG_WARN_EMPTY_BODY = YES;
				CLANG_WARN_ENUM_CONVERSION = YES;
				CLANG_WARN_INFINITE_RECURSION = YES;
				CLANG_WARN_INT_CONVERSION = YES;
				CLANG_WARN_NON_LITERAL_NULL_CONVERSION = YES;
				CLANG_WARN_OBJC_IMPLICIT_RETAIN_SELF = YES;
				CLANG_WARN_OBJC_LITERAL_CONVERSION = YES;
				CLANG_WARN_OBJC_ROOT_CLASS = YES_ERROR;
				CLANG_WARN_QUOTED_INCLUDE_IN_FRAMEWORK_HEADER = YES;
				CLANG_WARN_RANGE_LOOP_ANALYSIS = YES;
				CLANG_WARN_STRICT_PROTOTYPES = YES;
				CLANG_WARN_SUSPICIOUS_MOVE = YES;
				CLANG_WARN_UNGUARDED_AVAILABILITY = YES_AGGRESSIVE;
				CLANG_WARN_UNREACHABLE_CODE = YES;
				CLANG_WARN__DUPLICATE_METHOD_MATCH = YES;
				COPY_PHASE_STRIP = NO;
				DEBUG_INFORMATION_FORMAT = dwarf;
				ENABLE_STRICT_OBJC_MSGSEND = YES;
				ENABLE_TESTABILITY = YES;
				ENABLE_USER_SCRIPT_SANDBOXING = YES;
				GCC_C_LANGUAGE_STANDARD = gnu17;
				GCC_DYNAMIC_NO_PIC = NO;
				GCC_NO_COMMON_BLOCKS = YES;
				GCC_OPTIMIZATION_LEVEL = 0;
				GCC_PREPROCESSOR_DEFINITIONS = (
					"DEBUG=1",
					"$(inherited)",
				);
				GCC_WARN_64_TO_32_BIT_CONVERSION = YES;
				GCC_WARN_ABOUT_RETURN_TYPE = YES_ERROR;
				GCC_WARN_UNDECLARED_SELECTOR = YES;
				GCC_WARN_UNINITIALIZED_AUTOS = YES_AGGRESSIVE;
				GCC_WARN_UNUSED_FUNCTION = YES;
				GCC_WARN_UNUSED_VARIABLE = YES;
				IPHONEOS_DEPLOYMENT_TARGET = 18.0;
				LOCALIZATION_PREFERS_STRING_CATALOGS = YES;
				MTL_ENABLE_DEBUG_INFO = INCLUDE_SOURCE;
				MTL_FAST_MATH = YES;
				ONLY_ACTIVE_ARCH = YES;
				SDKROOT = iphoneos;
				SWIFT_ACTIVE_COMPILATION_CONDITIONS = "DEBUG $(inherited)";
				SWIFT_OPTIMIZATION_LEVEL = "-Onone";
			};
			name = Debug;
		};
		FBF8463E2CD133BE00262876 /* Release */ = {
			isa = XCBuildConfiguration;
			buildSettings = {
				ALWAYS_SEARCH_USER_PATHS = NO;
				ASSETCATALOG_COMPILER_GENERATE_SWIFT_ASSET_SYMBOL_EXTENSIONS = YES;
				CLANG_ANALYZER_NONNULL = YES;
				CLANG_ANALYZER_NUMBER_OBJECT_CONVERSION = YES_AGGRESSIVE;
				CLANG_CXX_LANGUAGE_STANDARD = "gnu++20";
				CLANG_ENABLE_MODULES = YES;
				CLANG_ENABLE_OBJC_ARC = YES;
				CLANG_ENABLE_OBJC_WEAK = YES;
				CLANG_WARN_BLOCK_CAPTURE_AUTORELEASING = YES;
				CLANG_WARN_BOOL_CONVERSION = YES;
				CLANG_WARN_COMMA = YES;
				CLANG_WARN_CONSTANT_CONVERSION = YES;
				CLANG_WARN_DEPRECATED_OBJC_IMPLEMENTATIONS = YES;
				CLANG_WARN_DIRECT_OBJC_ISA_USAGE = YES_ERROR;
				CLANG_WARN_DOCUMENTATION_COMMENTS = YES;
				CLANG_WARN_EMPTY_BODY = YES;
				CLANG_WARN_ENUM_CONVERSION = YES;
				CLANG_WARN_INFINITE_RECURSION = YES;
				CLANG_WARN_INT_CONVERSION = YES;
				CLANG_WARN_NON_LITERAL_NULL_CONVERSION = YES;
				CLANG_WARN_OBJC_IMPLICIT_RETAIN_SELF = YES;
				CLANG_WARN_OBJC_LITERAL_CONVERSION = YES;
				CLANG_WARN_OBJC_ROOT_CLASS = YES_ERROR;
				CLANG_WARN_QUOTED_INCLUDE_IN_FRAMEWORK_HEADER = YES;
				CLANG_WARN_RANGE_LOOP_ANALYSIS = YES;
				CLANG_WARN_STRICT_PROTOTYPES = YES;
				CLANG_WARN_SUSPICIOUS_MOVE = YES;
				CLANG_WARN_UNGUARDED_AVAILABILITY = YES_AGGRESSIVE;
				CLANG_WARN_UNREACHABLE_CODE = YES;
				CLANG_WARN__DUPLICATE_METHOD_MATCH = YES;
				COPY_PHASE_STRIP = NO;
				DEBUG_INFORMATION_FORMAT = "dwarf-with-dsym";
				ENABLE_NS_ASSERTIONS = NO;
				ENABLE_STRICT_OBJC_MSGSEND = YES;
				ENABLE_USER_SCRIPT_SANDBOXING = YES;
				GCC_C_LANGUAGE_STANDARD = gnu17;
				GCC_NO_COMMON_BLOCKS = YES;
				GCC_WARN_64_TO_32_BIT_CONVERSION = YES;
				GCC_WARN_ABOUT_RETURN_TYPE = YES_ERROR;
				GCC_WARN_UNDECLARED_SELECTOR = YES;
				GCC_WARN_UNINITIALIZED_AUTOS = YES_AGGRESSIVE;
				GCC_WARN_UNUSED_FUNCTION = YES;
				GCC_WARN_UNUSED_VARIABLE = YES;
				IPHONEOS_DEPLOYMENT_TARGET = 18.0;
				LOCALIZATION_PREFERS_STRING_CATALOGS = YES;
				MTL_ENABLE_DEBUG_INFO = NO;
				MTL_FAST_MATH = YES;
				SDKROOT = iphoneos;
				SWIFT_COMPILATION_MODE = wholemodule;
				VALIDATE_PRODUCT = YES;
			};
			name = Release;
		};
		FBF846402CD133BE00262876 /* Debug */ = {
			isa = XCBuildConfiguration;
			buildSettings = {
				ASSETCATALOG_COMPILER_APPICON_NAME = AppIcon;
				ASSETCATALOG_COMPILER_GLOBAL_ACCENT_COLOR_NAME = AccentColor;
				CODE_SIGN_ENTITLEMENTS = FitMe/FitMe.entitlements;
				CODE_SIGN_IDENTITY = "Apple Development";
				CODE_SIGN_STYLE = Automatic;
				CURRENT_PROJECT_VERSION = 1;
				DEVELOPMENT_ASSET_PATHS = "\"FitMe/Preview Content\"";
				DEVELOPMENT_TEAM = 58BF923V4P;
				ENABLE_PREVIEWS = YES;
				GENERATE_INFOPLIST_FILE = YES;
				INFOPLIST_FILE = FitMe/Info.plist;
				INFOPLIST_KEY_LSApplicationCategoryType = "";
				INFOPLIST_KEY_NSHealthShareUsageDescription = "your health data to provide fitness tracking insights";
				INFOPLIST_KEY_NSHealthUpdateUsageDescription = "records your workouts to monitor your progress";
				INFOPLIST_KEY_UIApplicationSceneManifest_Generation = YES;
				INFOPLIST_KEY_UIApplicationSupportsIndirectInputEvents = YES;
				INFOPLIST_KEY_UILaunchScreen_Generation = YES;
				INFOPLIST_KEY_UISupportedInterfaceOrientations_iPad = "UIInterfaceOrientationPortrait UIInterfaceOrientationPortraitUpsideDown UIInterfaceOrientationLandscapeLeft UIInterfaceOrientationLandscapeRight";
				INFOPLIST_KEY_UISupportedInterfaceOrientations_iPhone = "UIInterfaceOrientationPortrait UIInterfaceOrientationLandscapeLeft UIInterfaceOrientationLandscapeRight";
				LD_RUNPATH_SEARCH_PATHS = (
					"$(inherited)",
					"@executable_path/Frameworks",
				);
				MARKETING_VERSION = 1.0;
				PRODUCT_BUNDLE_IDENTIFIER = com.Dakshina.FitMe;
				PRODUCT_NAME = "$(TARGET_NAME)";
				PROVISIONING_PROFILE_SPECIFIER = "";
				SWIFT_EMIT_LOC_STRINGS = YES;
				SWIFT_VERSION = 5.0;
				TARGETED_DEVICE_FAMILY = "1,2";
			};
			name = Debug;
		};
		FBF846412CD133BE00262876 /* Release */ = {
			isa = XCBuildConfiguration;
			buildSettings = {
				ASSETCATALOG_COMPILER_APPICON_NAME = AppIcon;
				ASSETCATALOG_COMPILER_GLOBAL_ACCENT_COLOR_NAME = AccentColor;
				CODE_SIGN_ENTITLEMENTS = FitMe/FitMeRelease.entitlements;
				CODE_SIGN_IDENTITY = "Apple Development";
				CODE_SIGN_STYLE = Automatic;
				CURRENT_PROJECT_VERSION = 1;
				DEVELOPMENT_ASSET_PATHS = "\"FitMe/Preview Content\"";
				DEVELOPMENT_TEAM = 58BF923V4P;
				ENABLE_PREVIEWS = YES;
				GENERATE_INFOPLIST_FILE = YES;
				INFOPLIST_FILE = FitMe/Info.plist;
				INFOPLIST_KEY_LSApplicationCategoryType = "";
				INFOPLIST_KEY_NSHealthShareUsageDescription = "your health data to provide fitness tracking insights";
				INFOPLIST_KEY_NSHealthUpdateUsageDescription = "records your workouts to monitor your progress";
				INFOPLIST_KEY_UIApplicationSceneManifest_Generation = YES;
				INFOPLIST_KEY_UIApplicationSupportsIndirectInputEvents = YES;
				INFOPLIST_KEY_UILaunchScreen_Generation = YES;
				INFOPLIST_KEY_UISupportedInterfaceOrientations_iPad = "UIInterfaceOrientationPortrait UIInterfaceOrientationPortraitUpsideDown UIInterfaceOrientationLandscapeLeft UIInterfaceOrientationLandscapeRight";
				INFOPLIST_KEY_UISupportedInterfaceOrientations_iPhone = "UIInterfaceOrientationPortrait UIInterfaceOrientationLandscapeLeft UIInterfaceOrientationLandscapeRight";
				LD_RUNPATH_SEARCH_PATHS = (
					"$(inherited)",
					"@executable_path/Frameworks",
				);
				MARKETING_VERSION = 1.0;
				PRODUCT_BUNDLE_IDENTIFIER = com.Dakshina.FitMe;
				PRODUCT_NAME = "$(TARGET_NAME)";
				PROVISIONING_PROFILE_SPECIFIER = "";
				SWIFT_EMIT_LOC_STRINGS = YES;
				SWIFT_VERSION = 5.0;
				TARGETED_DEVICE_FAMILY = "1,2";
			};
			name = Release;
		};
		FBF846432CD133BE00262876 /* Debug */ = {
			isa = XCBuildConfiguration;
			buildSettings = {
				BUNDLE_LOADER = "$(TEST_HOST)";
				CODE_SIGN_STYLE = Automatic;
				CURRENT_PROJECT_VERSION = 1;
				GENERATE_INFOPLIST_FILE = YES;
				IPHONEOS_DEPLOYMENT_TARGET = 18.0;
				MARKETING_VERSION = 1.0;
				PRODUCT_BUNDLE_IDENTIFIER = com.Dakshina.FitMeTests;
				PRODUCT_NAME = "$(TARGET_NAME)";
				SWIFT_EMIT_LOC_STRINGS = NO;
				SWIFT_VERSION = 5.0;
				TARGETED_DEVICE_FAMILY = "1,2";
				TEST_HOST = "$(BUILT_PRODUCTS_DIR)/FitMe.app/$(BUNDLE_EXECUTABLE_FOLDER_PATH)/FitMe";
			};
			name = Debug;
		};
		FBF846442CD133BE00262876 /* Release */ = {
			isa = XCBuildConfiguration;
			buildSettings = {
				BUNDLE_LOADER = "$(TEST_HOST)";
				CODE_SIGN_STYLE = Automatic;
				CURRENT_PROJECT_VERSION = 1;
				GENERATE_INFOPLIST_FILE = YES;
				IPHONEOS_DEPLOYMENT_TARGET = 18.0;
				MARKETING_VERSION = 1.0;
				PRODUCT_BUNDLE_IDENTIFIER = com.Dakshina.FitMeTests;
				PRODUCT_NAME = "$(TARGET_NAME)";
				SWIFT_EMIT_LOC_STRINGS = NO;
				SWIFT_VERSION = 5.0;
				TARGETED_DEVICE_FAMILY = "1,2";
				TEST_HOST = "$(BUILT_PRODUCTS_DIR)/FitMe.app/$(BUNDLE_EXECUTABLE_FOLDER_PATH)/FitMe";
			};
			name = Release;
		};
		FBF846462CD133BE00262876 /* Debug */ = {
			isa = XCBuildConfiguration;
			buildSettings = {
				CODE_SIGN_STYLE = Automatic;
				CURRENT_PROJECT_VERSION = 1;
				DEVELOPMENT_TEAM = "";
				GENERATE_INFOPLIST_FILE = YES;
				MARKETING_VERSION = 1.0;
				PRODUCT_BUNDLE_IDENTIFIER = com.Dakshina.FitMeUITests;
				PRODUCT_NAME = "$(TARGET_NAME)";
				SWIFT_EMIT_LOC_STRINGS = NO;
				SWIFT_VERSION = 5.0;
				TARGETED_DEVICE_FAMILY = "1,2";
				TEST_TARGET_NAME = FitMe;
			};
			name = Debug;
		};
		FBF846472CD133BE00262876 /* Release */ = {
			isa = XCBuildConfiguration;
			buildSettings = {
				"CODE_SIGN_IDENTITY[sdk=macosx*]" = "Apple Development";
				CODE_SIGN_STYLE = Automatic;
				CURRENT_PROJECT_VERSION = 1;
				DEVELOPMENT_TEAM = "";
				GENERATE_INFOPLIST_FILE = YES;
				MARKETING_VERSION = 1.0;
				PRODUCT_BUNDLE_IDENTIFIER = com.Dakshina.FitMeUITests;
				PRODUCT_NAME = "$(TARGET_NAME)";
				SWIFT_EMIT_LOC_STRINGS = NO;
				SWIFT_VERSION = 5.0;
				TARGETED_DEVICE_FAMILY = "1,2";
				TEST_TARGET_NAME = FitMe;
			};
			name = Release;
		};
/* End XCBuildConfiguration section */

/* Begin XCConfigurationList section */
		FBF846162CD133BC00262876 /* Build configuration list for PBXProject "FitMe" */ = {
			isa = XCConfigurationList;
			buildConfigurations = (
				FBF8463D2CD133BE00262876 /* Debug */,
				FBF8463E2CD133BE00262876 /* Release */,
			);
			defaultConfigurationIsVisible = 0;
			defaultConfigurationName = Release;
		};
		FBF8463F2CD133BE00262876 /* Build configuration list for PBXNativeTarget "FitMe" */ = {
			isa = XCConfigurationList;
			buildConfigurations = (
				FBF846402CD133BE00262876 /* Debug */,
				FBF846412CD133BE00262876 /* Release */,
			);
			defaultConfigurationIsVisible = 0;
			defaultConfigurationName = Release;
		};
		FBF846422CD133BE00262876 /* Build configuration list for PBXNativeTarget "FitMeTests" */ = {
			isa = XCConfigurationList;
			buildConfigurations = (
				FBF846432CD133BE00262876 /* Debug */,
				FBF846442CD133BE00262876 /* Release */,
			);
			defaultConfigurationIsVisible = 0;
			defaultConfigurationName = Release;
		};
		FBF846452CD133BE00262876 /* Build configuration list for PBXNativeTarget "FitMeUITests" */ = {
			isa = XCConfigurationList;
			buildConfigurations = (
				FBF846462CD133BE00262876 /* Debug */,
				FBF846472CD133BE00262876 /* Release */,
			);
			defaultConfigurationIsVisible = 0;
			defaultConfigurationName = Release;
		};
/* End XCConfigurationList section */

/* Begin XCRemoteSwiftPackageReference section */
		FB8A58382CE1E00E00DDD32E /* XCRemoteSwiftPackageReference "firebase-ios-sdk" */ = {
			isa = XCRemoteSwiftPackageReference;
			repositoryURL = "https://github.com/firebase/firebase-ios-sdk";
			requirement = {
				kind = upToNextMajorVersion;
				minimumVersion = 11.4.0;
			};
		};
/* End XCRemoteSwiftPackageReference section */

/* Begin XCSwiftPackageProductDependency section */
		FB843EE62CE2A7AF009DF6E5 /* FirebaseAnalytics */ = {
			isa = XCSwiftPackageProductDependency;
			package = FB8A58382CE1E00E00DDD32E /* XCRemoteSwiftPackageReference "firebase-ios-sdk" */;
			productName = FirebaseAnalytics;
		};
		FB843EE82CE2A7AF009DF6E5 /* FirebaseCore */ = {
			isa = XCSwiftPackageProductDependency;
			package = FB8A58382CE1E00E00DDD32E /* XCRemoteSwiftPackageReference "firebase-ios-sdk" */;
			productName = FirebaseCore;
		};
		FB843EEA2CE2A7AF009DF6E5 /* FirebaseInAppMessaging-Beta */ = {
			isa = XCSwiftPackageProductDependency;
			package = FB8A58382CE1E00E00DDD32E /* XCRemoteSwiftPackageReference "firebase-ios-sdk" */;
			productName = "FirebaseInAppMessaging-Beta";
		};
		FB843EEC2CE2A7AF009DF6E5 /* FirebasePerformance */ = {
			isa = XCSwiftPackageProductDependency;
			package = FB8A58382CE1E00E00DDD32E /* XCRemoteSwiftPackageReference "firebase-ios-sdk" */;
			productName = FirebasePerformance;
		};
		FB8A58392CE1E00E00DDD32E /* FirebaseAuth */ = {
			isa = XCSwiftPackageProductDependency;
			package = FB8A58382CE1E00E00DDD32E /* XCRemoteSwiftPackageReference "firebase-ios-sdk" */;
			productName = FirebaseAuth;
		};
		FB8A583B2CE1E00E00DDD32E /* FirebaseDatabase */ = {
			isa = XCSwiftPackageProductDependency;
			package = FB8A58382CE1E00E00DDD32E /* XCRemoteSwiftPackageReference "firebase-ios-sdk" */;
			productName = FirebaseDatabase;
		};
		FB8A583D2CE1E00E00DDD32E /* FirebaseFirestore */ = {
			isa = XCSwiftPackageProductDependency;
			package = FB8A58382CE1E00E00DDD32E /* XCRemoteSwiftPackageReference "firebase-ios-sdk" */;
			productName = FirebaseFirestore;
		};
		FB8A583F2CE1E00E00DDD32E /* FirebaseMessaging */ = {
			isa = XCSwiftPackageProductDependency;
			package = FB8A58382CE1E00E00DDD32E /* XCRemoteSwiftPackageReference "firebase-ios-sdk" */;
			productName = FirebaseMessaging;
		};
		FB8A58412CE1E00E00DDD32E /* FirebaseStorage */ = {
			isa = XCSwiftPackageProductDependency;
			package = FB8A58382CE1E00E00DDD32E /* XCRemoteSwiftPackageReference "firebase-ios-sdk" */;
			productName = FirebaseStorage;
		};
		FBB24E972CE31E6B002DC473 /* FirebaseAppCheck */ = {
			isa = XCSwiftPackageProductDependency;
			package = FB8A58382CE1E00E00DDD32E /* XCRemoteSwiftPackageReference "firebase-ios-sdk" */;
			productName = FirebaseAppCheck;
		};
		FBB24E992CE31E6B002DC473 /* FirebaseFunctions */ = {
			isa = XCSwiftPackageProductDependency;
			package = FB8A58382CE1E00E00DDD32E /* XCRemoteSwiftPackageReference "firebase-ios-sdk" */;
			productName = FirebaseFunctions;
		};
		FBB24E9B2CE31E6B002DC473 /* FirebaseInstallations */ = {
			isa = XCSwiftPackageProductDependency;
			package = FB8A58382CE1E00E00DDD32E /* XCRemoteSwiftPackageReference "firebase-ios-sdk" */;
			productName = FirebaseInstallations;
		};
/* End XCSwiftPackageProductDependency section */
	};
	rootObject = FBF846132CD133BC00262876 /* Project object */;
}
